<?xml version="1.0" encoding="utf-8"?>
<Project ToolsVersion="4.0" xmlns="http://schemas.microsoft.com/developer/msbuild/2003">
  <ItemGroup>
    <ClCompile Include="main.cpp" />
    <ClCompile Include="Output.cpp" />
    <ClCompile Include="Prepare.cpp" />
    <ClCompile Include="Sign_in.cpp" />
    <ClCompile Include="Sign_up.cpp" />
    <ClCompile Include="Read_Trans_Table.cpp" />
    <ClCompile Include="Change_User_Info.cpp" />
    <ClCompile Include="Write_File.cpp" />
    <ClCompile Include="Mouse_Thread.cpp" />
    <ClCompile Include="Time_Thread.cpp" />
    <ClCompile Include="Dijkstra.cpp" />
    <ClCompile Include="无用Min_Time.cpp" />
    <ClCompile Include="无用Min_Cost.cpp" />
    <ClCompile Include="Min_Time.cpp" />
    <ClCompile Include="Min_Cost.cpp" />
  </ItemGroup>
  <ItemGroup>
    <ClInclude Include="main.h" />
    <ClCompile Include="main.cpp">
      <Filter>源文件</Filter>
    </ClCompile>
    <ClCompile Include="Min_Time.cpp">
      <Filter>源文件</Filter>
    </ClCompile>
    <ClCompile Include="Output.cpp">
      <Filter>源文件</Filter>
    </ClCompile>
    <ClCompile Include="Prepare.cpp">
      <Filter>源文件</Filter>
    </ClCompile>
    <ClCompile Include="Sign_in.cpp">
      <Filter>源文件</Filter>
    </ClCompile>
    <ClCompile Include="Sign_up.cpp">
      <Filter>源文件</Filter>
    </ClCompile>
  </ItemGroup>
  <ItemGroup>
    <ClInclude Include="main.h">
      <Filter>头文件</Filter>
    </ClInclude>
  </ItemGroup>
  <ItemGroup>
    <Text Include="..\Document\map.txt" />
  </ItemGroup>
  <ItemGroup>
    <None Include="..\Document\User_File.ini" />
    <None Include="..\Document\Status_File.ini" />
    <None Include="..\Document\System_File.ini" />
  </ItemGroup>
</Project>